{
  "name": "aliyun-codex-bridge",
  "version": "0.1.2",
  "lockfileVersion": 3,
  "requires": true,
  "packages": {
    "": {
      "name": "aliyun-codex-bridge",
      "version": "0.1.2",
      "license": "MIT",
      "bin": {
        "aliyun-codex-bridge": "bin/aliyun-codex-bridge",
        "zai-codex-bridge": "bin/zai-codex-bridge"
      },
      "engines": {
        "node": ">=18.0.0"
      }
    }
  }
}
